
Microsoft Visual Studio Solution File, Format Version 12.00
# Visual Studio Version 16
VisualStudioVersion = 16.0.29009.5
MinimumVisualStudioVersion = 10.0.40219.1
Project("{FAE04EC0-301F-11D3-BF4B-00C04F79EFBC}") = "LoLWebsite", "LoLWebsite\LoLWebsite.csproj", "{AA96E0E9-A6A1-48EA-8BC8-AB5BDB1F892E}"
EndProject
Project("{FAE04EC0-301F-11D3-BF4B-00C04F79EFBC}") = "RiotApiLibrary", "RiotApiLibrary\RiotApiLibrary.csproj", "{22785444-18AD-4628-9BD7-5D4356E9BF5B}"
EndProject
Global
	GlobalSection(SolutionConfigurationPlatforms) = preSolution
		Debug|Any CPU = Debug|Any CPU
		Release|Any CPU = Release|Any CPU
	EndGlobalSection
	GlobalSection(ProjectConfigurationPlatforms) = postSolution
		{AA96E0E9-A6A1-48EA-8BC8-AB5BDB1F892E}.Debug|Any CPU.ActiveCfg = Debug|Any CPU
		{AA96E0E9-A6A1-48EA-8BC8-AB5BDB1F892E}.Debug|Any CPU.Build.0 = Debug|Any CPU
		{AA96E0E9-A6A1-48EA-8BC8-AB5BDB1F892E}.Release|Any CPU.ActiveCfg = Release|Any CPU
		{AA96E0E9-A6A1-48EA-8BC8-AB5BDB1F892E}.Release|Any CPU.Build.0 = Release|Any CPU
		{22785444-18AD-4628-9BD7-5D4356E9BF5B}.Debug|Any CPU.ActiveCfg = Debug|Any CPU
		{22785444-18AD-4628-9BD7-5D4356E9BF5B}.Debug|Any CPU.Build.0 = Debug|Any CPU
		{22785444-18AD-4628-9BD7-5D4356E9BF5B}.Release|Any CPU.ActiveCfg = Release|Any CPU
		{22785444-18AD-4628-9BD7-5D4356E9BF5B}.Release|Any CPU.Build.0 = Release|Any CPU
	EndGlobalSection
	GlobalSection(SolutionProperties) = preSolution
		HideSolutionNode = FALSE
	EndGlobalSection
	GlobalSection(ExtensibilityGlobals) = postSolution
		SolutionGuid = {E25ACBB6-4803-4987-A4EF-CFA0E5AC5E6E}
	EndGlobalSection
EndGlobal
